
Microsoft Visual Studio Solution File, Format Version 12.00
# Visual Studio Version 17
VisualStudioVersion = 17.5.002.0
MinimumVisualStudioVersion = 10.0.40219.1
Project("{9A19103F-16F7-4668-BE54-9A1E7A4F7556}") = "backend-azure-functions", "backend-azure-functions\backend-azure-functions.csproj", "{84814BA5-033D-4901-95A8-CBA4641CD47F}"
EndProject
Global
	GlobalSection(SolutionConfigurationPlatforms) = preSolution
		Debug|Any CPU = Debug|Any CPU
		Release|Any CPU = Release|Any CPU
	EndGlobalSection
	GlobalSection(ProjectConfigurationPlatforms) = postSolution
		{84814BA5-033D-4901-95A8-CBA4641CD47F}.Debug|Any CPU.ActiveCfg = Debug|Any CPU
		{84814BA5-033D-4901-95A8-CBA4641CD47F}.Debug|Any CPU.Build.0 = Debug|Any CPU
		{84814BA5-033D-4901-95A8-CBA4641CD47F}.Release|Any CPU.ActiveCfg = Release|Any CPU
		{84814BA5-033D-4901-95A8-CBA4641CD47F}.Release|Any CPU.Build.0 = Release|Any CPU
	EndGlobalSection
	GlobalSection(SolutionProperties) = preSolution
		HideSolutionNode = FALSE
	EndGlobalSection
	GlobalSection(ExtensibilityGlobals) = postSolution
		SolutionGuid = {3B48341F-A50B-4050-B3A3-B5CAB3B7D925}
	EndGlobalSection
EndGlobal
